
Microsoft Visual Studio Solution File, Format Version 12.00
# Visual Studio Version 17
VisualStudioVersion = 17.13.35828.75
MinimumVisualStudioVersion = 10.0.40219.1
Project("{FAE04EC0-301F-11D3-BF4B-00C04F79EFBC}") = "kek", "kek\kek.csproj", "{30B4161E-56D4-4865-A303-1B262AD29977}"
EndProject
Global
	GlobalSection(SolutionConfigurationPlatforms) = preSolution
		Debug|Any CPU = Debug|Any CPU
		Release|Any CPU = Release|Any CPU
	EndGlobalSection
	GlobalSection(ProjectConfigurationPlatforms) = postSolution
		{30B4161E-56D4-4865-A303-1B262AD29977}.Debug|Any CPU.ActiveCfg = Debug|Any CPU
		{30B4161E-56D4-4865-A303-1B262AD29977}.Debug|Any CPU.Build.0 = Debug|Any CPU
		{30B4161E-56D4-4865-A303-1B262AD29977}.Release|Any CPU.ActiveCfg = Release|Any CPU
		{30B4161E-56D4-4865-A303-1B262AD29977}.Release|Any CPU.Build.0 = Release|Any CPU
	EndGlobalSection
	GlobalSection(SolutionProperties) = preSolution
		HideSolutionNode = FALSE
	EndGlobalSection
	GlobalSection(ExtensibilityGlobals) = postSolution
		SolutionGuid = {D52A555B-DAF8-4B21-9DA5-7CB15F7B0BBB}
	EndGlobalSection
EndGlobal
